<?xml version="1.0" encoding="utf-8"?>
<Project ToolsVersion="4.0" xmlns="http://schemas.microsoft.com/developer/msbuild/2003">
  <ItemGroup>
    <Filter Include="Source Files">
      <UniqueIdentifier>{4FC737F1-C7A5-4376-A066-2A32D752A2FF}</UniqueIdentifier>
      <Extensions>cpp;c;cc;cxx;def;odl;idl;hpj;bat;asm;asmx</Extensions>
    </Filter>
    <Filter Include="Header Files">
      <UniqueIdentifier>{93995380-89BD-4b04-88EB-625FBE52EBFB}</UniqueIdentifier>
      <Extensions>h;hh;hpp;hxx;hm;inl;inc;ipp;xsd</Extensions>
    </Filter>
    <Filter Include="Resource Files">
      <UniqueIdentifier>{67DA6AB6-F800-4c08-8B7A-83BB121AAD01}</UniqueIdentifier>
      <Extensions>rc;ico;cur;bmp;dlg;rc2;rct;bin;rgs;gif;jpg;jpeg;jpe;resx;tiff;tif;png;wav;mfcribbon-ms</Extensions>
    </Filter>
    <Filter Include="Source Files\screen">
      <UniqueIdentifier>{bdf2bef1-54fa-40e4-b8ad-55d39c741b62}</UniqueIdentifier>
    </Filter>
    <Filter Include="Source Files\debug_log">
      <UniqueIdentifier>{d6100c34-d5c0-44b5-b0ce-67add190c1bc}</UniqueIdentifier>
    </Filter>
    <Filter Include="Source Files\basic_shapes">
      <UniqueIdentifier>{88ad9771-3afa-48ed-9b82-d88846e721a3}</UniqueIdentifier>
    </Filter>
    <Filter Include="Source Files\error_code">
      <UniqueIdentifier>{3a42cb34-20a5-49a4-912a-ea9e52d4e57b}</UniqueIdentifier>
    </Filter>
    <Filter Include="Source Files\grid">
      <UniqueIdentifier>{f2fc1e82-418e-4c4b-bd99-01dd40a95029}</UniqueIdentifier>
    </Filter>
    <Filter Include="Source Files\basic_structs">
      <UniqueIdentifier>{97778979-76f8-4aa1-82db-d6edbe2ea79b}</UniqueIdentifier>
    </Filter>
    <Filter Include="Source Files\effect">
      <UniqueIdentifier>{327f316f-b7f3-41c4-b356-675a865ba62a}</UniqueIdentifier>
    </Filter>
    <Filter Include="Source Files\axis">
      <UniqueIdentifier>{26d78357-944c-46dd-be93-103b6a157fda}</UniqueIdentifier>
    </Filter>
    <Filter Include="Source Files\widget">
      <UniqueIdentifier>{90bf903f-d1c2-4f7b-b447-e54cb05987ce}</UniqueIdentifier>
    </Filter>
    <Filter Include="Source Files\pipe">
      <UniqueIdentifier>{01cb449f-f565-45f5-b328-ace7690dba2c}</UniqueIdentifier>
    </Filter>
    <Filter Include="Source Files\events">
      <UniqueIdentifier>{49f70b70-07ba-429a-b1e8-d5d873f4b650}</UniqueIdentifier>
    </Filter>
    <Filter Include="Source Files\app_state">
      <UniqueIdentifier>{a6ec277b-76fa-472c-8d85-ff249916a33b}</UniqueIdentifier>
    </Filter>
    <Filter Include="Source Files\thread">
      <UniqueIdentifier>{43015cd1-2e9d-49b3-b9c5-19ce630305e3}</UniqueIdentifier>
    </Filter>
  </ItemGroup>
  <ItemGroup>
    <ClCompile Include="Src\main.cpp">
      <Filter>Source Files</Filter>
    </ClCompile>
    <ClCompile Include="Src\audio.c">
      <Filter>Source Files</Filter>
    </ClCompile>
    <ClCompile Include="Src\test_audio.c">
      <Filter>Source Files</Filter>
    </ClCompile>
    <ClCompile Include="Src\screen\Screen.cpp">
      <Filter>Source Files\screen</Filter>
    </ClCompile>
  </ItemGroup>
  <ItemGroup>
    <ClInclude Include="Src\fft.h">
      <Filter>Source Files</Filter>
    </ClInclude>
    <ClInclude Include="Src\audio.h">
      <Filter>Source Files</Filter>
    </ClInclude>
    <ClInclude Include="Src\screen\Screen.h">
      <Filter>Source Files\screen</Filter>
    </ClInclude>
    <ClInclude Include="Src\debug_log\DebugLog.h">
      <Filter>Source Files\debug_log</Filter>
    </ClInclude>
    <ClInclude Include="Src\error_code\ErrorCode.h">
      <Filter>Source Files\error_code</Filter>
    </ClInclude>
    <ClInclude Include="Src\grid\Grid.h">
      <Filter>Source Files\grid</Filter>
    </ClInclude>
    <ClInclude Include="Src\basic_structs\BasicStructs.h">
      <Filter>Source Files\basic_structs</Filter>
    </ClInclude>
    <ClInclude Include="Src\effect\Effect.h">
      <Filter>Source Files\effect</Filter>
    </ClInclude>
    <ClInclude Include="Src\axis\Axis.h">
      <Filter>Source Files\axis</Filter>
    </ClInclude>
    <ClInclude Include="Src\widget\Widget.h">
      <Filter>Source Files\widget</Filter>
    </ClInclude>
    <ClInclude Include="Src\basic_shapes\BasicShapesDraw.h">
      <Filter>Source Files\basic_shapes</Filter>
    </ClInclude>
    <ClInclude Include="Src\basic_shapes\BasicShapes.h">
      <Filter>Source Files\basic_shapes</Filter>
    </ClInclude>
    <ClInclude Include="Src\basic_shapes\Line.h">
      <Filter>Source Files\basic_shapes</Filter>
    </ClInclude>
    <ClInclude Include="Src\pipe\Pipe.h">
      <Filter>Source Files\pipe</Filter>
    </ClInclude>
    <ClInclude Include="Src\events\Events.h">
      <Filter>Source Files\events</Filter>
    </ClInclude>
    <ClInclude Include="Src\app_state\AppState.h">
      <Filter>Source Files\app_state</Filter>
    </ClInclude>
    <ClInclude Include="Src\thread\Thread.h">
      <Filter>Source Files\thread</Filter>
    </ClInclude>
    <ClInclude Include="Src\widget\widget_bookkeeping.h">
      <Filter>Source Files\widget</Filter>
    </ClInclude>
  </ItemGroup>
</Project>